{
  "name": "hono",
  "lockfileVersion": 3,
  "requires": true,
  "packages": {
    "": {
      "name": "hono",
      "dependencies": {
        "@hono/node-server": "^2.1.4",
        "hono": "^4.13.13"
      }
    },
    "node_modules/@hono/node-server": {
      "version": "2.1.4",
      "resolved": "https://registry.npmjs.org/@hono/node-server/-/node-server-2.1.4.tgz",
      "integrity": "sha512-2g1qeHl4BduwDn6L8nkAvDrPUWPMlkQ//a5NhP/zIyaXKMjZNRV+cG9Csu+BiJFf6+68pqzjf4Hi5sJGKHuS1g==",
      "license": "MIT",
      "engines": {
        "node": ">=20"
      },
      "peerDependencies": {
        "hono": "^4 || ^5.0.0-0"
      }
    },
    "node_modules/hono": {
      "version": "4.13.13",
      "resolved": "https://registry.npmjs.org/hono/-/hono-4.13.13.tgz",
      "integrity": "sha512-CQ46U0ZkAGmbT/4UxdzzGJpacP2IeKgY4a5/tOI9AABbpOMfK739wfDXmv1usCk+3RkKj1hQy4/fjhiwa2xlrA==",
      "license": "MIT",
      "engines": {
        "node": ">=16.9.0"
      }
    }
  }
}
